// !$*UTF8*$!
{
	archiveVersion = 1;
	classes = {
	};
	objectVersion = 46;
	objects = {

/* Begin PBXGroup section */
		550DF1F01359AC3F00646B35 = {
			isa = PBXGroup;
			children = (
			);
			sourceTree = "<group>";
		};
/* End PBXGroup section */

/* Begin PBXProject section */
		550DF1F21359AC3F00646B35 /* Project object */ = {
			isa = PBXProject;
			attributes = {
				ORGANIZATIONNAME = DibiStore;
			};
			buildConfigurationList = 550DF1F51359AC3F00646B35 /* Build configuration list for PBXProject "UIWebViewBasicAuth" */;
			compatibilityVersion = "Xcode 3.2";
			developmentRegion = English;
			hasScannedForEncodings = 0;
			knownRegions = (
				en,
			);
			mainGroup = 550DF1F01359AC3F00646B35;
			projectDirPath = "";
			projectRoot = "";
			targets = (
			);
		};
/* End PBXProject section */

/* Begin XCBuildConfiguration section */
		550DF1F71359AC3F00646B35 /* Debug */ = {
			isa = XCBuildConfiguration;
			buildSettings = {
			};
			name = Debug;
		};
		550DF1F81359AC3F00646B35 /* Release */ = {
			isa = XCBuildConfiguration;
			buildSettings = {
			};
			name = Release;
		};
/* End XCBuildConfiguration section */

/* Begin XCConfigurationList section */
		550DF1F51359AC3F00646B35 /* Build configuration list for PBXProject "UIWebViewBasicAuth" */ = {
			isa = XCConfigurationList;
			buildConfigurations = (
				550DF1F71359AC3F00646B35 /* Debug */,
				550DF1F81359AC3F00646B35 /* Release */,
			);
			defaultConfigurationIsVisible = 0;
			defaultConfigurationName = Release;
		};
/* End XCConfigurationList section */
	};
	rootObject = 550DF1F21359AC3F00646B35 /* Project object */;
}
